
Microsoft Visual Studio Solution File, Format Version 12.00
# Visual Studio Version 17
VisualStudioVersion = 17.1.32414.318
MinimumVisualStudioVersion = 10.0.40219.1
Project("{9A19103F-16F7-4668-BE54-9A1E7A4F7556}") = "WpfApp2", "WpfApp2\WpfApp2.csproj", "{76745645-8C19-45BF-8FC6-E5D2F21B45B7}"
EndProject
Project("{FAE04EC0-301F-11D3-BF4B-00C04F79EFBC}") = "NVVM", "NVVM\NVVM.csproj", "{143E6F74-879B-406D-BD98-CDAFB1A6EBB7}"
EndProject
Global
	GlobalSection(SolutionConfigurationPlatforms) = preSolution
		Debug|Any CPU = Debug|Any CPU
		Release|Any CPU = Release|Any CPU
	EndGlobalSection
	GlobalSection(ProjectConfigurationPlatforms) = postSolution
		{76745645-8C19-45BF-8FC6-E5D2F21B45B7}.Debug|Any CPU.ActiveCfg = Debug|Any CPU
		{76745645-8C19-45BF-8FC6-E5D2F21B45B7}.Debug|Any CPU.Build.0 = Debug|Any CPU
		{76745645-8C19-45BF-8FC6-E5D2F21B45B7}.Release|Any CPU.ActiveCfg = Release|Any CPU
		{76745645-8C19-45BF-8FC6-E5D2F21B45B7}.Release|Any CPU.Build.0 = Release|Any CPU
		{143E6F74-879B-406D-BD98-CDAFB1A6EBB7}.Debug|Any CPU.ActiveCfg = Debug|Any CPU
		{143E6F74-879B-406D-BD98-CDAFB1A6EBB7}.Debug|Any CPU.Build.0 = Debug|Any CPU
		{143E6F74-879B-406D-BD98-CDAFB1A6EBB7}.Release|Any CPU.ActiveCfg = Release|Any CPU
		{143E6F74-879B-406D-BD98-CDAFB1A6EBB7}.Release|Any CPU.Build.0 = Release|Any CPU
	EndGlobalSection
	GlobalSection(SolutionProperties) = preSolution
		HideSolutionNode = FALSE
	EndGlobalSection
	GlobalSection(ExtensibilityGlobals) = postSolution
		SolutionGuid = {EBFFD892-C74B-4651-8B20-E1C6D2A9A3D6}
	EndGlobalSection
EndGlobal
